
Microsoft Visual Studio Solution File, Format Version 12.00
# Visual Studio 15
VisualStudioVersion = 15.0.28307.271
MinimumVisualStudioVersion = 10.0.40219.1
Project("{F184B08F-C81C-45F6-A57F-5ABD9991F28F}") = "ClassLibrary1", "ClassLibrary1\ClassLibrary1.vbproj", "{A1558280-5815-49AF-8A6F-51243FFF4036}"
EndProject
Project("{F184B08F-C81C-45F6-A57F-5ABD9991F28F}") = "UnitTestProject1", "UnitTestProject1\UnitTestProject1.vbproj", "{4A7845DF-0F5D-4361-9485-779A93BF5206}"
EndProject
Global
	GlobalSection(SolutionConfigurationPlatforms) = preSolution
		Debug|Any CPU = Debug|Any CPU
		Release|Any CPU = Release|Any CPU
	EndGlobalSection
	GlobalSection(ProjectConfigurationPlatforms) = postSolution
		{A1558280-5815-49AF-8A6F-51243FFF4036}.Debug|Any CPU.ActiveCfg = Debug|Any CPU
		{A1558280-5815-49AF-8A6F-51243FFF4036}.Debug|Any CPU.Build.0 = Debug|Any CPU
		{A1558280-5815-49AF-8A6F-51243FFF4036}.Release|Any CPU.ActiveCfg = Release|Any CPU
		{A1558280-5815-49AF-8A6F-51243FFF4036}.Release|Any CPU.Build.0 = Release|Any CPU
		{4A7845DF-0F5D-4361-9485-779A93BF5206}.Debug|Any CPU.ActiveCfg = Debug|Any CPU
		{4A7845DF-0F5D-4361-9485-779A93BF5206}.Debug|Any CPU.Build.0 = Debug|Any CPU
		{4A7845DF-0F5D-4361-9485-779A93BF5206}.Release|Any CPU.ActiveCfg = Release|Any CPU
		{4A7845DF-0F5D-4361-9485-779A93BF5206}.Release|Any CPU.Build.0 = Release|Any CPU
	EndGlobalSection
	GlobalSection(SolutionProperties) = preSolution
		HideSolutionNode = FALSE
	EndGlobalSection
	GlobalSection(ExtensibilityGlobals) = postSolution
		SolutionGuid = {90C64792-8EE0-431C-93E9-AAEE59D04CE7}
	EndGlobalSection
EndGlobal
