
Microsoft Visual Studio Solution File, Format Version 12.00
# Visual Studio 15
VisualStudioVersion = 15.0.28307.271
MinimumVisualStudioVersion = 10.0.40219.1
Project("{FAE04EC0-301F-11D3-BF4B-00C04F79EFBC}") = "GFUDemo_CS", "GFUDemo_CS\GFUDemo_CS.csproj", "{C3E03495-E4D7-4451-8090-B0D4AF93E1DC}"
EndProject
Project("{FAE04EC0-301F-11D3-BF4B-00C04F79EFBC}") = "UnitTestProject1", "UnitTestProject1\UnitTestProject1.csproj", "{5D4E0F2F-C7B4-4644-982F-63FF21D81EA9}"
EndProject
Global
	GlobalSection(SolutionConfigurationPlatforms) = preSolution
		Debug|Any CPU = Debug|Any CPU
		Release|Any CPU = Release|Any CPU
	EndGlobalSection
	GlobalSection(ProjectConfigurationPlatforms) = postSolution
		{C3E03495-E4D7-4451-8090-B0D4AF93E1DC}.Debug|Any CPU.ActiveCfg = Debug|Any CPU
		{C3E03495-E4D7-4451-8090-B0D4AF93E1DC}.Debug|Any CPU.Build.0 = Debug|Any CPU
		{C3E03495-E4D7-4451-8090-B0D4AF93E1DC}.Release|Any CPU.ActiveCfg = Release|Any CPU
		{C3E03495-E4D7-4451-8090-B0D4AF93E1DC}.Release|Any CPU.Build.0 = Release|Any CPU
		{5D4E0F2F-C7B4-4644-982F-63FF21D81EA9}.Debug|Any CPU.ActiveCfg = Debug|Any CPU
		{5D4E0F2F-C7B4-4644-982F-63FF21D81EA9}.Debug|Any CPU.Build.0 = Debug|Any CPU
		{5D4E0F2F-C7B4-4644-982F-63FF21D81EA9}.Release|Any CPU.ActiveCfg = Release|Any CPU
		{5D4E0F2F-C7B4-4644-982F-63FF21D81EA9}.Release|Any CPU.Build.0 = Release|Any CPU
	EndGlobalSection
	GlobalSection(SolutionProperties) = preSolution
		HideSolutionNode = FALSE
	EndGlobalSection
	GlobalSection(ExtensibilityGlobals) = postSolution
		SolutionGuid = {4EB2CF67-6899-4868-B604-C14B554E2CDB}
	EndGlobalSection
EndGlobal
